
Microsoft Visual Studio Solution File, Format Version 12.00
# Visual Studio Version 16
VisualStudioVersion = 16.0.32901.82
MinimumVisualStudioVersion = 10.0.40219.1
Project("{FAE04EC0-301F-11D3-BF4B-00C04F79EFBC}") = "BPBlocks", "BPBlocks\BPBlocks.csproj", "{EFE45DE1-54E6-4CD6-8E2E-C82693A31688}"
EndProject
Global
	GlobalSection(SolutionConfigurationPlatforms) = preSolution
		Debug|Any CPU = Debug|Any CPU
		Release|Any CPU = Release|Any CPU
	EndGlobalSection
	GlobalSection(ProjectConfigurationPlatforms) = postSolution
		{EFE45DE1-54E6-4CD6-8E2E-C82693A31688}.Debug|Any CPU.ActiveCfg = Debug|Any CPU
		{EFE45DE1-54E6-4CD6-8E2E-C82693A31688}.Debug|Any CPU.Build.0 = Debug|Any CPU
		{EFE45DE1-54E6-4CD6-8E2E-C82693A31688}.Release|Any CPU.ActiveCfg = Release|Any CPU
		{EFE45DE1-54E6-4CD6-8E2E-C82693A31688}.Release|Any CPU.Build.0 = Release|Any CPU
	EndGlobalSection
	GlobalSection(SolutionProperties) = preSolution
		HideSolutionNode = FALSE
	EndGlobalSection
	GlobalSection(ExtensibilityGlobals) = postSolution
		SolutionGuid = {8060FCBD-4048-48F8-811A-FE007DB1A165}
	EndGlobalSection
EndGlobal
